// !$*UTF8*$!
{
	archiveVersion = 1;
	classes = {
	};
	objectVersion = 46;
	objects = {

/* Begin PBXBuildFile section */
		5B3B9A891428EFAD0010E1EA /* MySuperAppViewController_iPad.m in Sources */ = {isa = PBXBuildFile; fileRef = 5B3B9A881428EFAD0010E1EA /* MySuperAppViewController_iPad.m */; };
		5B3B9A8A1428EFAD0010E1EA /* MySuperAppViewController_iPad.m in Sources */ = {isa = PBXBuildFile; fileRef = 5B3B9A881428EFAD0010E1EA /* MySuperAppViewController_iPad.m */; };
		5B55D35B1428F00900F835D7 /* MySuperAppViewController_iPad.xib in Resources */ = {isa = PBXBuildFile; fileRef = 5B55D35A1428F00900F835D7 /* MySuperAppViewController_iPad.xib */; };
		5B55D39D1428F35900F835D7 /* Localizable.strings in Resources */ = {isa = PBXBuildFile; fileRef = 5B55D39B1428F35900F835D7 /* Localizable.strings */; };
		5B55D39F1428F35F00F835D7 /* Localizable.strings in Resources */ = {isa = PBXBuildFile; fileRef = 5B55D39B1428F35900F835D7 /* Localizable.strings */; };
		5B710D761428EEF000F0B066 /* UIKit.framework in Frameworks */ = {isa = PBXBuildFile; fileRef = 5B710D751428EEF000F0B066 /* UIKit.framework */; };
		5B710D781428EEF000F0B066 /* Foundation.framework in Frameworks */ = {isa = PBXBuildFile; fileRef = 5B710D771428EEF000F0B066 /* Foundation.framework */; };
		5B710D7A1428EEF000F0B066 /* CoreGraphics.framework in Frameworks */ = {isa = PBXBuildFile; fileRef = 5B710D791428EEF000F0B066 /* CoreGraphics.framework */; };
		5B710D801428EEF000F0B066 /* InfoPlist.strings in Resources */ = {isa = PBXBuildFile; fileRef = 5B710D7E1428EEF000F0B066 /* InfoPlist.strings */; };
		5B710D821428EEF000F0B066 /* main.m in Sources */ = {isa = PBXBuildFile; fileRef = 5B710D811428EEF000F0B066 /* main.m */; };
		5B710D861428EEF000F0B066 /* MySuperApplication_iPadAppDelegate.m in Sources */ = {isa = PBXBuildFile; fileRef = 5B710D851428EEF000F0B066 /* MySuperApplication_iPadAppDelegate.m */; };
		5B710D8E1428EEF000F0B066 /* SenTestingKit.framework in Frameworks */ = {isa = PBXBuildFile; fileRef = 5B710D8D1428EEF000F0B066 /* SenTestingKit.framework */; };
		5B710D8F1428EEF000F0B066 /* UIKit.framework in Frameworks */ = {isa = PBXBuildFile; fileRef = 5B710D751428EEF000F0B066 /* UIKit.framework */; };
		5B710D901428EEF000F0B066 /* Foundation.framework in Frameworks */ = {isa = PBXBuildFile; fileRef = 5B710D771428EEF000F0B066 /* Foundation.framework */; };
		5B710D981428EEF000F0B066 /* InfoPlist.strings in Resources */ = {isa = PBXBuildFile; fileRef = 5B710D961428EEF000F0B066 /* InfoPlist.strings */; };
		5B710D9B1428EEF000F0B066 /* MySuperApplication_iPadTests.m in Sources */ = {isa = PBXBuildFile; fileRef = 5B710D9A1428EEF000F0B066 /* MySuperApplication_iPadTests.m */; };
		5BB1F615142B8A8300CC57C4 /* VDLoginPopUp.m in Sources */ = {isa = PBXBuildFile; fileRef = 5BB1F608142B8A8300CC57C4 /* VDLoginPopUp.m */; };
		5BB1F616142B8A8300CC57C4 /* VDPopUp.m in Sources */ = {isa = PBXBuildFile; fileRef = 5BB1F60A142B8A8300CC57C4 /* VDPopUp.m */; };
		5BB1F617142B8A8300CC57C4 /* VDRequest.m in Sources */ = {isa = PBXBuildFile; fileRef = 5BB1F60C142B8A8300CC57C4 /* VDRequest.m */; };
		5BB1F618142B8A8300CC57C4 /* Viadeo.m in Sources */ = {isa = PBXBuildFile; fileRef = 5BB1F60E142B8A8300CC57C4 /* Viadeo.m */; };
		5BB1F619142B8A8300CC57C4 /* JSONKit.m in Sources */ = {isa = PBXBuildFile; fileRef = 5BB1F612142B8A8300CC57C4 /* JSONKit.m */; };
		5BB1F61A142B8A8300CC57C4 /* VDPopUp.bundle in Resources */ = {isa = PBXBuildFile; fileRef = 5BB1F613142B8A8300CC57C4 /* VDPopUp.bundle */; };
/* End PBXBuildFile section */

/* Begin PBXContainerItemProxy section */
		5B710D911428EEF000F0B066 /* PBXContainerItemProxy */ = {
			isa = PBXContainerItemProxy;
			containerPortal = 5B710D681428EEF000F0B066 /* Project object */;
			proxyType = 1;
			remoteGlobalIDString = 5B710D701428EEF000F0B066;
			remoteInfo = MySuperApplication_iPad;
		};
/* End PBXContainerItemProxy section */

/* Begin PBXFileReference section */
		5B3B9A871428EFAD0010E1EA /* MySuperAppViewController_iPad.h */ = {isa = PBXFileReference; fileEncoding = 4; lastKnownFileType = sourcecode.c.h; path = MySuperAppViewController_iPad.h; sourceTree = "<group>"; };
		5B3B9A881428EFAD0010E1EA /* MySuperAppViewController_iPad.m */ = {isa = PBXFileReference; fileEncoding = 4; lastKnownFileType = sourcecode.c.objc; path = MySuperAppViewController_iPad.m; sourceTree = "<group>"; };
		5B55D35A1428F00900F835D7 /* MySuperAppViewController_iPad.xib */ = {isa = PBXFileReference; fileEncoding = 4; lastKnownFileType = file.xib; path = MySuperAppViewController_iPad.xib; sourceTree = "<group>"; };
		5B55D39C1428F35900F835D7 /* en */ = {isa = PBXFileReference; lastKnownFileType = text.plist.strings; name = en; path = en.lproj/Localizable.strings; sourceTree = "<group>"; };
		5B55D39E1428F35F00F835D7 /* fr */ = {isa = PBXFileReference; lastKnownFileType = text.plist.strings; name = fr; path = fr.lproj/Localizable.strings; sourceTree = "<group>"; };
		5B710D711428EEF000F0B066 /* MySuperApplication_iPad.app */ = {isa = PBXFileReference; explicitFileType = wrapper.application; includeInIndex = 0; path = MySuperApplication_iPad.app; sourceTree = BUILT_PRODUCTS_DIR; };
		5B710D751428EEF000F0B066 /* UIKit.framework */ = {isa = PBXFileReference; lastKnownFileType = wrapper.framework; name = UIKit.framework; path = System/Library/Frameworks/UIKit.framework; sourceTree = SDKROOT; };
		5B710D771428EEF000F0B066 /* Foundation.framework */ = {isa = PBXFileReference; lastKnownFileType = wrapper.framework; name = Foundation.framework; path = System/Library/Frameworks/Foundation.framework; sourceTree = SDKROOT; };
		5B710D791428EEF000F0B066 /* CoreGraphics.framework */ = {isa = PBXFileReference; lastKnownFileType = wrapper.framework; name = CoreGraphics.framework; path = System/Library/Frameworks/CoreGraphics.framework; sourceTree = SDKROOT; };
		5B710D7D1428EEF000F0B066 /* MySuperApplication_iPad-Info.plist */ = {isa = PBXFileReference; lastKnownFileType = text.plist.xml; path = "MySuperApplication_iPad-Info.plist"; sourceTree = "<group>"; };
		5B710D7F1428EEF000F0B066 /* en */ = {isa = PBXFileReference; lastKnownFileType = text.plist.strings; name = en; path = en.lproj/InfoPlist.strings; sourceTree = "<group>"; };
		5B710D811428EEF000F0B066 /* main.m */ = {isa = PBXFileReference; lastKnownFileType = sourcecode.c.objc; path = main.m; sourceTree = "<group>"; };
		5B710D831428EEF000F0B066 /* MySuperApplication_iPad-Prefix.pch */ = {isa = PBXFileReference; lastKnownFileType = sourcecode.c.h; path = "MySuperApplication_iPad-Prefix.pch"; sourceTree = "<group>"; };
		5B710D841428EEF000F0B066 /* MySuperApplication_iPadAppDelegate.h */ = {isa = PBXFileReference; lastKnownFileType = sourcecode.c.h; path = MySuperApplication_iPadAppDelegate.h; sourceTree = "<group>"; };
		5B710D851428EEF000F0B066 /* MySuperApplication_iPadAppDelegate.m */ = {isa = PBXFileReference; lastKnownFileType = sourcecode.c.objc; path = MySuperApplication_iPadAppDelegate.m; sourceTree = "<group>"; };
		5B710D8C1428EEF000F0B066 /* MySuperApplication_iPadTests.octest */ = {isa = PBXFileReference; explicitFileType = wrapper.cfbundle; includeInIndex = 0; path = MySuperApplication_iPadTests.octest; sourceTree = BUILT_PRODUCTS_DIR; };
		5B710D8D1428EEF000F0B066 /* SenTestingKit.framework */ = {isa = PBXFileReference; lastKnownFileType = wrapper.framework; name = SenTestingKit.framework; path = Library/Frameworks/SenTestingKit.framework; sourceTree = DEVELOPER_DIR; };
		5B710D951428EEF000F0B066 /* MySuperApplication_iPadTests-Info.plist */ = {isa = PBXFileReference; lastKnownFileType = text.plist.xml; path = "MySuperApplication_iPadTests-Info.plist"; sourceTree = "<group>"; };
		5B710D971428EEF000F0B066 /* en */ = {isa = PBXFileReference; lastKnownFileType = text.plist.strings; name = en; path = en.lproj/InfoPlist.strings; sourceTree = "<group>"; };
		5B710D991428EEF000F0B066 /* MySuperApplication_iPadTests.h */ = {isa = PBXFileReference; lastKnownFileType = sourcecode.c.h; path = MySuperApplication_iPadTests.h; sourceTree = "<group>"; };
		5B710D9A1428EEF000F0B066 /* MySuperApplication_iPadTests.m */ = {isa = PBXFileReference; lastKnownFileType = sourcecode.c.objc; path = MySuperApplication_iPadTests.m; sourceTree = "<group>"; };
		5BB1F605142B8A8300CC57C4 /* VDConnect.h */ = {isa = PBXFileReference; fileEncoding = 4; lastKnownFileType = sourcecode.c.h; path = VDConnect.h; sourceTree = "<group>"; };
		5BB1F606142B8A8300CC57C4 /* VDConstants.h */ = {isa = PBXFileReference; fileEncoding = 4; lastKnownFileType = sourcecode.c.h; path = VDConstants.h; sourceTree = "<group>"; };
		5BB1F607142B8A8300CC57C4 /* VDLoginPopUp.h */ = {isa = PBXFileReference; fileEncoding = 4; lastKnownFileType = sourcecode.c.h; path = VDLoginPopUp.h; sourceTree = "<group>"; };
		5BB1F608142B8A8300CC57C4 /* VDLoginPopUp.m */ = {isa = PBXFileReference; fileEncoding = 4; lastKnownFileType = sourcecode.c.objc; path = VDLoginPopUp.m; sourceTree = "<group>"; };
		5BB1F609142B8A8300CC57C4 /* VDPopUp.h */ = {isa = PBXFileReference; fileEncoding = 4; lastKnownFileType = sourcecode.c.h; path = VDPopUp.h; sourceTree = "<group>"; };
		5BB1F60A142B8A8300CC57C4 /* VDPopUp.m */ = {isa = PBXFileReference; fileEncoding = 4; lastKnownFileType = sourcecode.c.objc; path = VDPopUp.m; sourceTree = "<group>"; };
		5BB1F60B142B8A8300CC57C4 /* VDRequest.h */ = {isa = PBXFileReference; fileEncoding = 4; lastKnownFileType = sourcecode.c.h; path = VDRequest.h; sourceTree = "<group>"; };
		5BB1F60C142B8A8300CC57C4 /* VDRequest.m */ = {isa = PBXFileReference; fileEncoding = 4; lastKnownFileType = sourcecode.c.objc; path = VDRequest.m; sourceTree = "<group>"; };
		5BB1F60D142B8A8300CC57C4 /* Viadeo.h */ = {isa = PBXFileReference; fileEncoding = 4; lastKnownFileType = sourcecode.c.h; path = Viadeo.h; sourceTree = "<group>"; };
		5BB1F60E142B8A8300CC57C4 /* Viadeo.m */ = {isa = PBXFileReference; fileEncoding = 4; lastKnownFileType = sourcecode.c.objc; path = Viadeo.m; sourceTree = "<group>"; };
		5BB1F611142B8A8300CC57C4 /* JSONKit.h */ = {isa = PBXFileReference; fileEncoding = 4; lastKnownFileType = sourcecode.c.h; path = JSONKit.h; sourceTree = "<group>"; };
		5BB1F612142B8A8300CC57C4 /* JSONKit.m */ = {isa = PBXFileReference; fileEncoding = 4; lastKnownFileType = sourcecode.c.objc; path = JSONKit.m; sourceTree = "<group>"; };
		5BB1F613142B8A8300CC57C4 /* VDPopUp.bundle */ = {isa = PBXFileReference; lastKnownFileType = "wrapper.plug-in"; path = VDPopUp.bundle; sourceTree = "<group>"; };
/* End PBXFileReference section */

/* Begin PBXFrameworksBuildPhase section */
		5B710D6E1428EEF000F0B066 /* Frameworks */ = {
			isa = PBXFrameworksBuildPhase;
			buildActionMask = 2147483647;
			files = (
				5B710D761428EEF000F0B066 /* UIKit.framework in Frameworks */,
				5B710D781428EEF000F0B066 /* Foundation.framework in Frameworks */,
				5B710D7A1428EEF000F0B066 /* CoreGraphics.framework in Frameworks */,
			);
			runOnlyForDeploymentPostprocessing = 0;
		};
		5B710D881428EEF000F0B066 /* Frameworks */ = {
			isa = PBXFrameworksBuildPhase;
			buildActionMask = 2147483647;
			files = (
				5B710D8E1428EEF000F0B066 /* SenTestingKit.framework in Frameworks */,
				5B710D8F1428EEF000F0B066 /* UIKit.framework in Frameworks */,
				5B710D901428EEF000F0B066 /* Foundation.framework in Frameworks */,
			);
			runOnlyForDeploymentPostprocessing = 0;
		};
/* End PBXFrameworksBuildPhase section */

/* Begin PBXGroup section */
		5B710D661428EEF000F0B066 = {
			isa = PBXGroup;
			children = (
				5B710D7B1428EEF000F0B066 /* MySuperApplication_iPad */,
				5B710D931428EEF000F0B066 /* MySuperApplication_iPadTests */,
				5B710D741428EEF000F0B066 /* Frameworks */,
				5B710D721428EEF000F0B066 /* Products */,
			);
			sourceTree = "<group>";
		};
		5B710D721428EEF000F0B066 /* Products */ = {
			isa = PBXGroup;
			children = (
				5B710D711428EEF000F0B066 /* MySuperApplication_iPad.app */,
				5B710D8C1428EEF000F0B066 /* MySuperApplication_iPadTests.octest */,
			);
			name = Products;
			sourceTree = "<group>";
		};
		5B710D741428EEF000F0B066 /* Frameworks */ = {
			isa = PBXGroup;
			children = (
				5B710D751428EEF000F0B066 /* UIKit.framework */,
				5B710D771428EEF000F0B066 /* Foundation.framework */,
				5B710D791428EEF000F0B066 /* CoreGraphics.framework */,
				5B710D8D1428EEF000F0B066 /* SenTestingKit.framework */,
			);
			name = Frameworks;
			sourceTree = "<group>";
		};
		5B710D7B1428EEF000F0B066 /* MySuperApplication_iPad */ = {
			isa = PBXGroup;
			children = (
				5BB1F603142B8A8300CC57C4 /* Viadeo-iOS-SDK */,
				5B55D35A1428F00900F835D7 /* MySuperAppViewController_iPad.xib */,
				5B3B9A871428EFAD0010E1EA /* MySuperAppViewController_iPad.h */,
				5B3B9A881428EFAD0010E1EA /* MySuperAppViewController_iPad.m */,
				5B710D841428EEF000F0B066 /* MySuperApplication_iPadAppDelegate.h */,
				5B710D851428EEF000F0B066 /* MySuperApplication_iPadAppDelegate.m */,
				5B710D7C1428EEF000F0B066 /* Supporting Files */,
			);
			path = MySuperApplication_iPad;
			sourceTree = "<group>";
		};
		5B710D7C1428EEF000F0B066 /* Supporting Files */ = {
			isa = PBXGroup;
			children = (
				5B55D39B1428F35900F835D7 /* Localizable.strings */,
				5B710D7D1428EEF000F0B066 /* MySuperApplication_iPad-Info.plist */,
				5B710D7E1428EEF000F0B066 /* InfoPlist.strings */,
				5B710D811428EEF000F0B066 /* main.m */,
				5B710D831428EEF000F0B066 /* MySuperApplication_iPad-Prefix.pch */,
			);
			name = "Supporting Files";
			sourceTree = "<group>";
		};
		5B710D931428EEF000F0B066 /* MySuperApplication_iPadTests */ = {
			isa = PBXGroup;
			children = (
				5B710D991428EEF000F0B066 /* MySuperApplication_iPadTests.h */,
				5B710D9A1428EEF000F0B066 /* MySuperApplication_iPadTests.m */,
				5B710D941428EEF000F0B066 /* Supporting Files */,
			);
			path = MySuperApplication_iPadTests;
			sourceTree = "<group>";
		};
		5B710D941428EEF000F0B066 /* Supporting Files */ = {
			isa = PBXGroup;
			children = (
				5B710D951428EEF000F0B066 /* MySuperApplication_iPadTests-Info.plist */,
				5B710D961428EEF000F0B066 /* InfoPlist.strings */,
			);
			name = "Supporting Files";
			sourceTree = "<group>";
		};
		5BB1F603142B8A8300CC57C4 /* Viadeo-iOS-SDK */ = {
			isa = PBXGroup;
			children = (
				5BB1F604142B8A8300CC57C4 /* Main */,
				5BB1F60F142B8A8300CC57C4 /* Parser */,
				5BB1F613142B8A8300CC57C4 /* VDPopUp.bundle */,
			);
			name = "Viadeo-iOS-SDK";
			path = "../../../Source/Viadeo-iOS-SDK";
			sourceTree = "<group>";
		};
		5BB1F604142B8A8300CC57C4 /* Main */ = {
			isa = PBXGroup;
			children = (
				5BB1F605142B8A8300CC57C4 /* VDConnect.h */,
				5BB1F606142B8A8300CC57C4 /* VDConstants.h */,
				5BB1F607142B8A8300CC57C4 /* VDLoginPopUp.h */,
				5BB1F608142B8A8300CC57C4 /* VDLoginPopUp.m */,
				5BB1F609142B8A8300CC57C4 /* VDPopUp.h */,
				5BB1F60A142B8A8300CC57C4 /* VDPopUp.m */,
				5BB1F60B142B8A8300CC57C4 /* VDRequest.h */,
				5BB1F60C142B8A8300CC57C4 /* VDRequest.m */,
				5BB1F60D142B8A8300CC57C4 /* Viadeo.h */,
				5BB1F60E142B8A8300CC57C4 /* Viadeo.m */,
			);
			path = Main;
			sourceTree = "<group>";
		};
		5BB1F60F142B8A8300CC57C4 /* Parser */ = {
			isa = PBXGroup;
			children = (
				5BB1F610142B8A8300CC57C4 /* JSONKit */,
			);
			path = Parser;
			sourceTree = "<group>";
		};
		5BB1F610142B8A8300CC57C4 /* JSONKit */ = {
			isa = PBXGroup;
			children = (
				5BB1F611142B8A8300CC57C4 /* JSONKit.h */,
				5BB1F612142B8A8300CC57C4 /* JSONKit.m */,
			);
			path = JSONKit;
			sourceTree = "<group>";
		};
/* End PBXGroup section */

/* Begin PBXNativeTarget section */
		5B710D701428EEF000F0B066 /* MySuperApplication_iPad */ = {
			isa = PBXNativeTarget;
			buildConfigurationList = 5B710D9E1428EEF000F0B066 /* Build configuration list for PBXNativeTarget "MySuperApplication_iPad" */;
			buildPhases = (
				5B710D6D1428EEF000F0B066 /* Sources */,
				5B710D6E1428EEF000F0B066 /* Frameworks */,
				5B710D6F1428EEF000F0B066 /* Resources */,
			);
			buildRules = (
			);
			dependencies = (
			);
			name = MySuperApplication_iPad;
			productName = MySuperApplication_iPad;
			productReference = 5B710D711428EEF000F0B066 /* MySuperApplication_iPad.app */;
			productType = "com.apple.product-type.application";
		};
		5B710D8B1428EEF000F0B066 /* MySuperApplication_iPadTests */ = {
			isa = PBXNativeTarget;
			buildConfigurationList = 5B710DA11428EEF000F0B066 /* Build configuration list for PBXNativeTarget "MySuperApplication_iPadTests" */;
			buildPhases = (
				5B710D871428EEF000F0B066 /* Sources */,
				5B710D881428EEF000F0B066 /* Frameworks */,
				5B710D891428EEF000F0B066 /* Resources */,
				5B710D8A1428EEF000F0B066 /* ShellScript */,
			);
			buildRules = (
			);
			dependencies = (
				5B710D921428EEF000F0B066 /* PBXTargetDependency */,
			);
			name = MySuperApplication_iPadTests;
			productName = MySuperApplication_iPadTests;
			productReference = 5B710D8C1428EEF000F0B066 /* MySuperApplication_iPadTests.octest */;
			productType = "com.apple.product-type.bundle";
		};
/* End PBXNativeTarget section */

/* Begin PBXProject section */
		5B710D681428EEF000F0B066 /* Project object */ = {
			isa = PBXProject;
			attributes = {
				LastUpgradeCheck = 0420;
			};
			buildConfigurationList = 5B710D6B1428EEF000F0B066 /* Build configuration list for PBXProject "MySuperApplication_iPad" */;
			compatibilityVersion = "Xcode 3.2";
			developmentRegion = English;
			hasScannedForEncodings = 0;
			knownRegions = (
				en,
				fr,
			);
			mainGroup = 5B710D661428EEF000F0B066;
			productRefGroup = 5B710D721428EEF000F0B066 /* Products */;
			projectDirPath = "";
			projectRoot = "";
			targets = (
				5B710D701428EEF000F0B066 /* MySuperApplication_iPad */,
				5B710D8B1428EEF000F0B066 /* MySuperApplication_iPadTests */,
			);
		};
/* End PBXProject section */

/* Begin PBXResourcesBuildPhase section */
		5B710D6F1428EEF000F0B066 /* Resources */ = {
			isa = PBXResourcesBuildPhase;
			buildActionMask = 2147483647;
			files = (
				5B710D801428EEF000F0B066 /* InfoPlist.strings in Resources */,
				5B55D35B1428F00900F835D7 /* MySuperAppViewController_iPad.xib in Resources */,
				5B55D39D1428F35900F835D7 /* Localizable.strings in Resources */,
				5B55D39F1428F35F00F835D7 /* Localizable.strings in Resources */,
				5BB1F61A142B8A8300CC57C4 /* VDPopUp.bundle in Resources */,
			);
			runOnlyForDeploymentPostprocessing = 0;
		};
		5B710D891428EEF000F0B066 /* Resources */ = {
			isa = PBXResourcesBuildPhase;
			buildActionMask = 2147483647;
			files = (
				5B710D981428EEF000F0B066 /* InfoPlist.strings in Resources */,
			);
			runOnlyForDeploymentPostprocessing = 0;
		};
/* End PBXResourcesBuildPhase section */

/* Begin PBXShellScriptBuildPhase section */
		5B710D8A1428EEF000F0B066 /* ShellScript */ = {
			isa = PBXShellScriptBuildPhase;
			buildActionMask = 2147483647;
			files = (
			);
			inputPaths = (
			);
			outputPaths = (
			);
			runOnlyForDeploymentPostprocessing = 0;
			shellPath = /bin/sh;
			shellScript = "# Run the unit tests in this test bundle.\n\"${SYSTEM_DEVELOPER_DIR}/Tools/RunUnitTests\"\n";
		};
/* End PBXShellScriptBuildPhase section */

/* Begin PBXSourcesBuildPhase section */
		5B710D6D1428EEF000F0B066 /* Sources */ = {
			isa = PBXSourcesBuildPhase;
			buildActionMask = 2147483647;
			files = (
				5B710D821428EEF000F0B066 /* main.m in Sources */,
				5B710D861428EEF000F0B066 /* MySuperApplication_iPadAppDelegate.m in Sources */,
				5B3B9A891428EFAD0010E1EA /* MySuperAppViewController_iPad.m in Sources */,
				5BB1F615142B8A8300CC57C4 /* VDLoginPopUp.m in Sources */,
				5BB1F616142B8A8300CC57C4 /* VDPopUp.m in Sources */,
				5BB1F617142B8A8300CC57C4 /* VDRequest.m in Sources */,
				5BB1F618142B8A8300CC57C4 /* Viadeo.m in Sources */,
				5BB1F619142B8A8300CC57C4 /* JSONKit.m in Sources */,
			);
			runOnlyForDeploymentPostprocessing = 0;
		};
		5B710D871428EEF000F0B066 /* Sources */ = {
			isa = PBXSourcesBuildPhase;
			buildActionMask = 2147483647;
			files = (
				5B710D9B1428EEF000F0B066 /* MySuperApplication_iPadTests.m in Sources */,
				5B3B9A8A1428EFAD0010E1EA /* MySuperAppViewController_iPad.m in Sources */,
			);
			runOnlyForDeploymentPostprocessing = 0;
		};
/* End PBXSourcesBuildPhase section */

/* Begin PBXTargetDependency section */
		5B710D921428EEF000F0B066 /* PBXTargetDependency */ = {
			isa = PBXTargetDependency;
			target = 5B710D701428EEF000F0B066 /* MySuperApplication_iPad */;
			targetProxy = 5B710D911428EEF000F0B066 /* PBXContainerItemProxy */;
		};
/* End PBXTargetDependency section */

/* Begin PBXVariantGroup section */
		5B55D39B1428F35900F835D7 /* Localizable.strings */ = {
			isa = PBXVariantGroup;
			children = (
				5B55D39C1428F35900F835D7 /* en */,
				5B55D39E1428F35F00F835D7 /* fr */,
			);
			name = Localizable.strings;
			sourceTree = "<group>";
		};
		5B710D7E1428EEF000F0B066 /* InfoPlist.strings */ = {
			isa = PBXVariantGroup;
			children = (
				5B710D7F1428EEF000F0B066 /* en */,
			);
			name = InfoPlist.strings;
			sourceTree = "<group>";
		};
		5B710D961428EEF000F0B066 /* InfoPlist.strings */ = {
			isa = PBXVariantGroup;
			children = (
				5B710D971428EEF000F0B066 /* en */,
			);
			name = InfoPlist.strings;
			sourceTree = "<group>";
		};
/* End PBXVariantGroup section */

/* Begin XCBuildConfiguration section */
		5B710D9C1428EEF000F0B066 /* Debug */ = {
			isa = XCBuildConfiguration;
			buildSettings = {
				ALWAYS_SEARCH_USER_PATHS = NO;
				ARCHS = "$(ARCHS_STANDARD_32_BIT)";
				"CODE_SIGN_IDENTITY[sdk=iphoneos*]" = "iPhone Developer";
				COPY_PHASE_STRIP = NO;
				GCC_C_LANGUAGE_STANDARD = gnu99;
				GCC_DYNAMIC_NO_PIC = NO;
				GCC_OPTIMIZATION_LEVEL = 0;
				GCC_PREPROCESSOR_DEFINITIONS = (
					"DEBUG=1",
					"$(inherited)",
				);
				GCC_SYMBOLS_PRIVATE_EXTERN = NO;
				GCC_VERSION = com.apple.compilers.llvm.clang.1_0;
				GCC_WARN_ABOUT_MISSING_PROTOTYPES = NO;
				GCC_WARN_ABOUT_RETURN_TYPE = YES;
				GCC_WARN_UNUSED_VARIABLE = YES;
				IPHONEOS_DEPLOYMENT_TARGET = 4.3;
				SDKROOT = iphoneos;
				TARGETED_DEVICE_FAMILY = 2;
			};
			name = Debug;
		};
		5B710D9D1428EEF000F0B066 /* Release */ = {
			isa = XCBuildConfiguration;
			buildSettings = {
				ALWAYS_SEARCH_USER_PATHS = NO;
				ARCHS = "$(ARCHS_STANDARD_32_BIT)";
				"CODE_SIGN_IDENTITY[sdk=iphoneos*]" = "iPhone Developer";
				COPY_PHASE_STRIP = YES;
				GCC_C_LANGUAGE_STANDARD = gnu99;
				GCC_VERSION = com.apple.compilers.llvm.clang.1_0;
				GCC_WARN_ABOUT_MISSING_PROTOTYPES = NO;
				GCC_WARN_ABOUT_RETURN_TYPE = YES;
				GCC_WARN_UNUSED_VARIABLE = YES;
				IPHONEOS_DEPLOYMENT_TARGET = 4.3;
				OTHER_CFLAGS = "-DNS_BLOCK_ASSERTIONS=1";
				SDKROOT = iphoneos;
				TARGETED_DEVICE_FAMILY = 2;
				VALIDATE_PRODUCT = YES;
			};
			name = Release;
		};
		5B710D9F1428EEF000F0B066 /* Debug */ = {
			isa = XCBuildConfiguration;
			buildSettings = {
				GCC_PRECOMPILE_PREFIX_HEADER = YES;
				GCC_PREFIX_HEADER = "MySuperApplication_iPad/MySuperApplication_iPad-Prefix.pch";
				INFOPLIST_FILE = "MySuperApplication_iPad/MySuperApplication_iPad-Info.plist";
				PRODUCT_NAME = "$(TARGET_NAME)";
				WRAPPER_EXTENSION = app;
			};
			name = Debug;
		};
		5B710DA01428EEF000F0B066 /* Release */ = {
			isa = XCBuildConfiguration;
			buildSettings = {
				GCC_PRECOMPILE_PREFIX_HEADER = YES;
				GCC_PREFIX_HEADER = "MySuperApplication_iPad/MySuperApplication_iPad-Prefix.pch";
				INFOPLIST_FILE = "MySuperApplication_iPad/MySuperApplication_iPad-Info.plist";
				PRODUCT_NAME = "$(TARGET_NAME)";
				WRAPPER_EXTENSION = app;
			};
			name = Release;
		};
		5B710DA21428EEF000F0B066 /* Debug */ = {
			isa = XCBuildConfiguration;
			buildSettings = {
				BUNDLE_LOADER = "$(BUILT_PRODUCTS_DIR)/MySuperApplication_iPad.app/MySuperApplication_iPad";
				FRAMEWORK_SEARCH_PATHS = (
					"$(SDKROOT)/Developer/Library/Frameworks",
					"$(DEVELOPER_LIBRARY_DIR)/Frameworks",
				);
				GCC_PRECOMPILE_PREFIX_HEADER = YES;
				GCC_PREFIX_HEADER = "MySuperApplication_iPad/MySuperApplication_iPad-Prefix.pch";
				INFOPLIST_FILE = "MySuperApplication_iPadTests/MySuperApplication_iPadTests-Info.plist";
				PRODUCT_NAME = "$(TARGET_NAME)";
				TEST_HOST = "$(BUNDLE_LOADER)";
				WRAPPER_EXTENSION = octest;
			};
			name = Debug;
		};
		5B710DA31428EEF000F0B066 /* Release */ = {
			isa = XCBuildConfiguration;
			buildSettings = {
				BUNDLE_LOADER = "$(BUILT_PRODUCTS_DIR)/MySuperApplication_iPad.app/MySuperApplication_iPad";
				FRAMEWORK_SEARCH_PATHS = (
					"$(SDKROOT)/Developer/Library/Frameworks",
					"$(DEVELOPER_LIBRARY_DIR)/Frameworks",
				);
				GCC_PRECOMPILE_PREFIX_HEADER = YES;
				GCC_PREFIX_HEADER = "MySuperApplication_iPad/MySuperApplication_iPad-Prefix.pch";
				INFOPLIST_FILE = "MySuperApplication_iPadTests/MySuperApplication_iPadTests-Info.plist";
				PRODUCT_NAME = "$(TARGET_NAME)";
				TEST_HOST = "$(BUNDLE_LOADER)";
				WRAPPER_EXTENSION = octest;
			};
			name = Release;
		};
/* End XCBuildConfiguration section */

/* Begin XCConfigurationList section */
		5B710D6B1428EEF000F0B066 /* Build configuration list for PBXProject "MySuperApplication_iPad" */ = {
			isa = XCConfigurationList;
			buildConfigurations = (
				5B710D9C1428EEF000F0B066 /* Debug */,
				5B710D9D1428EEF000F0B066 /* Release */,
			);
			defaultConfigurationIsVisible = 0;
			defaultConfigurationName = Release;
		};
		5B710D9E1428EEF000F0B066 /* Build configuration list for PBXNativeTarget "MySuperApplication_iPad" */ = {
			isa = XCConfigurationList;
			buildConfigurations = (
				5B710D9F1428EEF000F0B066 /* Debug */,
				5B710DA01428EEF000F0B066 /* Release */,
			);
			defaultConfigurationIsVisible = 0;
			defaultConfigurationName = Release;
		};
		5B710DA11428EEF000F0B066 /* Build configuration list for PBXNativeTarget "MySuperApplication_iPadTests" */ = {
			isa = XCConfigurationList;
			buildConfigurations = (
				5B710DA21428EEF000F0B066 /* Debug */,
				5B710DA31428EEF000F0B066 /* Release */,
			);
			defaultConfigurationIsVisible = 0;
			defaultConfigurationName = Release;
		};
/* End XCConfigurationList section */
	};
	rootObject = 5B710D681428EEF000F0B066 /* Project object */;
}
